// !$*UTF8*$!
{
	archiveVersion = 1;
	classes = {
	};
	objectVersion = 48;
	objects = {

/* Begin PBXBuildFile section */
		326A628F2015B4AD00FD08E0 /* AppDelegate.swift in Sources */ = {isa = PBXBuildFile; fileRef = 326A628E2015B4AD00FD08E0 /* AppDelegate.swift */; };
		326A62912015B4AD00FD08E0 /* ViewController.swift in Sources */ = {isa = PBXBuildFile; fileRef = 326A62902015B4AD00FD08E0 /* ViewController.swift */; };
		326A62942015B4AD00FD08E0 /* Main.storyboard in Resources */ = {isa = PBXBuildFile; fileRef = 326A62922015B4AD00FD08E0 /* Main.storyboard */; };
		326A62962015B4AD00FD08E0 /* Assets.xcassets in Resources */ = {isa = PBXBuildFile; fileRef = 326A62952015B4AD00FD08E0 /* Assets.xcassets */; };
		326A62992015B4AD00FD08E0 /* LaunchScreen.storyboard in Resources */ = {isa = PBXBuildFile; fileRef = 326A62972015B4AD00FD08E0 /* LaunchScreen.storyboard */; };
		326A62A12015B65200FD08E0 /* PageContentViewController.swift in Sources */ = {isa = PBXBuildFile; fileRef = 326A62A02015B65200FD08E0 /* PageContentViewController.swift */; };
/* End PBXBuildFile section */

/* Begin PBXFileReference section */
		326A628B2015B4AD00FD08E0 /* pagetest.app */ = {isa = PBXFileReference; explicitFileType = wrapper.application; includeInIndex = 0; path = pagetest.app; sourceTree = BUILT_PRODUCTS_DIR; };
		326A628E2015B4AD00FD08E0 /* AppDelegate.swift */ = {isa = PBXFileReference; lastKnownFileType = sourcecode.swift; path = AppDelegate.swift; sourceTree = "<group>"; };
		326A62902015B4AD00FD08E0 /* ViewController.swift */ = {isa = PBXFileReference; lastKnownFileType = sourcecode.swift; path = ViewController.swift; sourceTree = "<group>"; };
		326A62932015B4AD00FD08E0 /* Base */ = {isa = PBXFileReference; lastKnownFileType = file.storyboard; name = Base; path = Base.lproj/Main.storyboard; sourceTree = "<group>"; };
		326A62952015B4AD00FD08E0 /* Assets.xcassets */ = {isa = PBXFileReference; lastKnownFileType = folder.assetcatalog; path = Assets.xcassets; sourceTree = "<group>"; };
		326A62982015B4AD00FD08E0 /* Base */ = {isa = PBXFileReference; lastKnownFileType = file.storyboard; name = Base; path = Base.lproj/LaunchScreen.storyboard; sourceTree = "<group>"; };
		326A629A2015B4AD00FD08E0 /* Info.plist */ = {isa = PBXFileReference; lastKnownFileType = text.plist.xml; path = Info.plist; sourceTree = "<group>"; };
		326A62A02015B65200FD08E0 /* PageContentViewController.swift */ = {isa = PBXFileReference; lastKnownFileType = sourcecode.swift; path = PageContentViewController.swift; sourceTree = "<group>"; };
/* End PBXFileReference section */

/* Begin PBXFrameworksBuildPhase section */
		326A62882015B4AD00FD08E0 /* Frameworks */ = {
			isa = PBXFrameworksBuildPhase;
			buildActionMask = 2147483647;
			files = (
			);
			runOnlyForDeploymentPostprocessing = 0;
		};
/* End PBXFrameworksBuildPhase section */

/* Begin PBXGroup section */
		326A62822015B4AD00FD08E0 = {
			isa = PBXGroup;
			children = (
				326A628D2015B4AD00FD08E0 /* pagetest */,
				326A628C2015B4AD00FD08E0 /* Products */,
			);
			sourceTree = "<group>";
		};
		326A628C2015B4AD00FD08E0 /* Products */ = {
			isa = PBXGroup;
			children = (
				326A628B2015B4AD00FD08E0 /* pagetest.app */,
			);
			name = Products;
			sourceTree = "<group>";
		};
		326A628D2015B4AD00FD08E0 /* pagetest */ = {
			isa = PBXGroup;
			children = (
				326A628E2015B4AD00FD08E0 /* AppDelegate.swift */,
				326A62902015B4AD00FD08E0 /* ViewController.swift */,
				326A62922015B4AD00FD08E0 /* Main.storyboard */,
				326A62952015B4AD00FD08E0 /* Assets.xcassets */,
				326A62972015B4AD00FD08E0 /* LaunchScreen.storyboard */,
				326A629A2015B4AD00FD08E0 /* Info.plist */,
				326A62A02015B65200FD08E0 /* PageContentViewController.swift */,
			);
			path = pagetest;
			sourceTree = "<group>";
		};
/* End PBXGroup section */

/* Begin PBXNativeTarget section */
		326A628A2015B4AD00FD08E0 /* pagetest */ = {
			isa = PBXNativeTarget;
			buildConfigurationList = 326A629D2015B4AD00FD08E0 /* Build configuration list for PBXNativeTarget "pagetest" */;
			buildPhases = (
				326A62872015B4AD00FD08E0 /* Sources */,
				326A62882015B4AD00FD08E0 /* Frameworks */,
				326A62892015B4AD00FD08E0 /* Resources */,
			);
			buildRules = (
			);
			dependencies = (
			);
			name = pagetest;
			productName = pagetest;
			productReference = 326A628B2015B4AD00FD08E0 /* pagetest.app */;
			productType = "com.apple.product-type.application";
		};
/* End PBXNativeTarget section */

/* Begin PBXProject section */
		326A62832015B4AD00FD08E0 /* Project object */ = {
			isa = PBXProject;
			attributes = {
				LastSwiftUpdateCheck = 0920;
				LastUpgradeCheck = 0920;
				ORGANIZATIONNAME = "Ankit Goel";
				TargetAttributes = {
					326A628A2015B4AD00FD08E0 = {
						CreatedOnToolsVersion = 9.2;
						ProvisioningStyle = Automatic;
					};
				};
			};
			buildConfigurationList = 326A62862015B4AD00FD08E0 /* Build configuration list for PBXProject "pagetest" */;
			compatibilityVersion = "Xcode 8.0";
			developmentRegion = en;
			hasScannedForEncodings = 0;
			knownRegions = (
				en,
				Base,
			);
			mainGroup = 326A62822015B4AD00FD08E0;
			productRefGroup = 326A628C2015B4AD00FD08E0 /* Products */;
			projectDirPath = "";
			projectRoot = "";
			targets = (
				326A628A2015B4AD00FD08E0 /* pagetest */,
			);
		};
/* End PBXProject section */

/* Begin PBXResourcesBuildPhase section */
		326A62892015B4AD00FD08E0 /* Resources */ = {
			isa = PBXResourcesBuildPhase;
			buildActionMask = 2147483647;
			files = (
				326A62992015B4AD00FD08E0 /* LaunchScreen.storyboard in Resources */,
				326A62962015B4AD00FD08E0 /* Assets.xcassets in Resources */,
				326A62942015B4AD00FD08E0 /* Main.storyboard in Resources */,
			);
			runOnlyForDeploymentPostprocessing = 0;
		};
/* End PBXResourcesBuildPhase section */

/* Begin PBXSourcesBuildPhase section */
		326A62872015B4AD00FD08E0 /* Sources */ = {
			isa = PBXSourcesBuildPhase;
			buildActionMask = 2147483647;
			files = (
				326A62A12015B65200FD08E0 /* PageContentViewController.swift in Sources */,
				326A62912015B4AD00FD08E0 /* ViewController.swift in Sources */,
				326A628F2015B4AD00FD08E0 /* AppDelegate.swift in Sources */,
			);
			runOnlyForDeploymentPostprocessing = 0;
		};
/* End PBXSourcesBuildPhase section */

/* Begin PBXVariantGroup section */
		326A62922015B4AD00FD08E0 /* Main.storyboard */ = {
			isa = PBXVariantGroup;
			children = (
				326A62932015B4AD00FD08E0 /* Base */,
			);
			name = Main.storyboard;
			sourceTree = "<group>";
		};
		326A62972015B4AD00FD08E0 /* LaunchScreen.storyboard */ = {
			isa = PBXVariantGroup;
			children = (
				326A62982015B4AD00FD08E0 /* Base */,
			);
			name = LaunchScreen.storyboard;
			sourceTree = "<group>";
		};
/* End PBXVariantGroup section */

/* Begin XCBuildConfiguration section */
		326A629B2015B4AD00FD08E0 /* Debug */ = {
			isa = XCBuildConfiguration;
			buildSettings = {
				ALWAYS_SEARCH_USER_PATHS = NO;
				CLANG_ANALYZER_NONNULL = YES;
				CLANG_ANALYZER_NUMBER_OBJECT_CONVERSION = YES_AGGRESSIVE;
				CLANG_CXX_LANGUAGE_STANDARD = "gnu++14";
				CLANG_CXX_LIBRARY = "libc++";
				CLANG_ENABLE_MODULES = YES;
				CLANG_ENABLE_OBJC_ARC = YES;
				CLANG_WARN_BLOCK_CAPTURE_AUTORELEASING = YES;
				CLANG_WARN_BOOL_CONVERSION = YES;
				CLANG_WARN_COMMA = YES;
				CLANG_WARN_CONSTANT_CONVERSION = YES;
				CLANG_WARN_DIRECT_OBJC_ISA_USAGE = YES_ERROR;
				CLANG_WARN_DOCUMENTATION_COMMENTS = YES;
				CLANG_WARN_EMPTY_BODY = YES;
				CLANG_WARN_ENUM_CONVERSION = YES;
				CLANG_WARN_INFINITE_RECURSION = YES;
				CLANG_WARN_INT_CONVERSION = YES;
				CLANG_WARN_NON_LITERAL_NULL_CONVERSION = YES;
				CLANG_WARN_OBJC_LITERAL_CONVERSION = YES;
				CLANG_WARN_OBJC_ROOT_CLASS = YES_ERROR;
				CLANG_WARN_RANGE_LOOP_ANALYSIS = YES;
				CLANG_WARN_STRICT_PROTOTYPES = YES;
				CLANG_WARN_SUSPICIOUS_MOVE = YES;
				CLANG_WARN_UNGUARDED_AVAILABILITY = YES_AGGRESSIVE;
				CLANG_WARN_UNREACHABLE_CODE = YES;
				CLANG_WARN__DUPLICATE_METHOD_MATCH = YES;
				CODE_SIGN_IDENTITY = "iPhone Developer";
				COPY_PHASE_STRIP = NO;
				DEBUG_INFORMATION_FORMAT = dwarf;
				ENABLE_STRICT_OBJC_MSGSEND = YES;
				ENABLE_TESTABILITY = YES;
				GCC_C_LANGUAGE_STANDARD = gnu11;
				GCC_DYNAMIC_NO_PIC = NO;
				GCC_NO_COMMON_BLOCKS = YES;
				GCC_OPTIMIZATION_LEVEL = 0;
				GCC_PREPROCESSOR_DEFINITIONS = (
					"DEBUG=1",
					"$(inherited)",
				);
				GCC_WARN_64_TO_32_BIT_CONVERSION = YES;
				GCC_WARN_ABOUT_RETURN_TYPE = YES_ERROR;
				GCC_WARN_UNDECLARED_SELECTOR = YES;
				GCC_WARN_UNINITIALIZED_AUTOS = YES_AGGRESSIVE;
				GCC_WARN_UNUSED_FUNCTION = YES;
				GCC_WARN_UNUSED_VARIABLE = YES;
				IPHONEOS_DEPLOYMENT_TARGET = 11.2;
				MTL_ENABLE_DEBUG_INFO = YES;
				ONLY_ACTIVE_ARCH = YES;
				SDKROOT = iphoneos;
				SWIFT_ACTIVE_COMPILATION_CONDITIONS = DEBUG;
				SWIFT_OPTIMIZATION_LEVEL = "-Onone";
			};
			name = Debug;
		};
		326A629C2015B4AD00FD08E0 /* Release */ = {
			isa = XCBuildConfiguration;
			buildSettings = {
				ALWAYS_SEARCH_USER_PATHS = NO;
				CLANG_ANALYZER_NONNULL = YES;
				CLANG_ANALYZER_NUMBER_OBJECT_CONVERSION = YES_AGGRESSIVE;
				CLANG_CXX_LANGUAGE_STANDARD = "gnu++14";
				CLANG_CXX_LIBRARY = "libc++";
				CLANG_ENABLE_MODULES = YES;
				CLANG_ENABLE_OBJC_ARC = YES;
				CLANG_WARN_BLOCK_CAPTURE_AUTORELEASING = YES;
				CLANG_WARN_BOOL_CONVERSION = YES;
				CLANG_WARN_COMMA = YES;
				CLANG_WARN_CONSTANT_CONVERSION = YES;
				CLANG_WARN_DIRECT_OBJC_ISA_USAGE = YES_ERROR;
				CLANG_WARN_DOCUMENTATION_COMMENTS = YES;
				CLANG_WARN_EMPTY_BODY = YES;
				CLANG_WARN_ENUM_CONVERSION = YES;
				CLANG_WARN_INFINITE_RECURSION = YES;
				CLANG_WARN_INT_CONVERSION = YES;
				CLANG_WARN_NON_LITERAL_NULL_CONVERSION = YES;
				CLANG_WARN_OBJC_LITERAL_CONVERSION = YES;
				CLANG_WARN_OBJC_ROOT_CLASS = YES_ERROR;
				CLANG_WARN_RANGE_LOOP_ANALYSIS = YES;
				CLANG_WARN_STRICT_PROTOTYPES = YES;
				CLANG_WARN_SUSPICIOUS_MOVE = YES;
				CLANG_WARN_UNGUARDED_AVAILABILITY = YES_AGGRESSIVE;
				CLANG_WARN_UNREACHABLE_CODE = YES;
				CLANG_WARN__DUPLICATE_METHOD_MATCH = YES;
				CODE_SIGN_IDENTITY = "iPhone Developer";
				COPY_PHASE_STRIP = NO;
				DEBUG_INFORMATION_FORMAT = "dwarf-with-dsym";
				ENABLE_NS_ASSERTIONS = NO;
				ENABLE_STRICT_OBJC_MSGSEND = YES;
				GCC_C_LANGUAGE_STANDARD = gnu11;
				GCC_NO_COMMON_BLOCKS = YES;
				GCC_WARN_64_TO_32_BIT_CONVERSION = YES;
				GCC_WARN_ABOUT_RETURN_TYPE = YES_ERROR;
				GCC_WARN_UNDECLARED_SELECTOR = YES;
				GCC_WARN_UNINITIALIZED_AUTOS = YES_AGGRESSIVE;
				GCC_WARN_UNUSED_FUNCTION = YES;
				GCC_WARN_UNUSED_VARIABLE = YES;
				IPHONEOS_DEPLOYMENT_TARGET = 11.2;
				MTL_ENABLE_DEBUG_INFO = NO;
				SDKROOT = iphoneos;
				SWIFT_OPTIMIZATION_LEVEL = "-Owholemodule";
				VALIDATE_PRODUCT = YES;
			};
			name = Release;
		};
		326A629E2015B4AD00FD08E0 /* Debug */ = {
			isa = XCBuildConfiguration;
			buildSettings = {
				ASSETCATALOG_COMPILER_APPICON_NAME = AppIcon;
				CODE_SIGN_STYLE = Automatic;
				INFOPLIST_FILE = pagetest/Info.plist;
				LD_RUNPATH_SEARCH_PATHS = "$(inherited) @executable_path/Frameworks";
				PRODUCT_BUNDLE_IDENTIFIER = in.psaux.pagetest;
				PRODUCT_NAME = "$(TARGET_NAME)";
				SWIFT_VERSION = 4.0;
				TARGETED_DEVICE_FAMILY = "1,2";
			};
			name = Debug;
		};
		326A629F2015B4AD00FD08E0 /* Release */ = {
			isa = XCBuildConfiguration;
			buildSettings = {
				ASSETCATALOG_COMPILER_APPICON_NAME = AppIcon;
				CODE_SIGN_STYLE = Automatic;
				INFOPLIST_FILE = pagetest/Info.plist;
				LD_RUNPATH_SEARCH_PATHS = "$(inherited) @executable_path/Frameworks";
				PRODUCT_BUNDLE_IDENTIFIER = in.psaux.pagetest;
				PRODUCT_NAME = "$(TARGET_NAME)";
				SWIFT_VERSION = 4.0;
				TARGETED_DEVICE_FAMILY = "1,2";
			};
			name = Release;
		};
/* End XCBuildConfiguration section */

/* Begin XCConfigurationList section */
		326A62862015B4AD00FD08E0 /* Build configuration list for PBXProject "pagetest" */ = {
			isa = XCConfigurationList;
			buildConfigurations = (
				326A629B2015B4AD00FD08E0 /* Debug */,
				326A629C2015B4AD00FD08E0 /* Release */,
			);
			defaultConfigurationIsVisible = 0;
			defaultConfigurationName = Release;
		};
		326A629D2015B4AD00FD08E0 /* Build configuration list for PBXNativeTarget "pagetest" */ = {
			isa = XCConfigurationList;
			buildConfigurations = (
				326A629E2015B4AD00FD08E0 /* Debug */,
				326A629F2015B4AD00FD08E0 /* Release */,
			);
			defaultConfigurationIsVisible = 0;
			defaultConfigurationName = Release;
		};
/* End XCConfigurationList section */
	};
	rootObject = 326A62832015B4AD00FD08E0 /* Project object */;
}
